dependencies:
  espressif/esp-modbus:
    component_hash: 5d5e90b9e55721a8a194b301ad8102d4affb647f47b74cd413ff7d1ce2c1169c
    dependencies:
    - name: idf
      require: private
      version: '>=4.3'
    source:
      registry_url: https://components.espressif.com/
      type: service
    version: 1.0.18
  idf:
    source:
      type: idf
    version: 5.5.4
direct_dependencies:
- espressif/esp-modbus
- idf
manifest_hash: 2b2f57cb1cde1261f815c7fe71c49ff7f4b574b42cff40ab1bba6b633ac7dd67
target: esp32c3
version: 2.0.0
